// !$*UTF8*$!
{
	archiveVersion = 1;
	classes = {
	};
	objectVersion = 50;
	objects = {

/* Begin PBXBuildFile section */
		8F9DA42E21AA414F00BEA589 /* AppDelegate.swift in Sources */ = {isa = PBXBuildFile; fileRef = 8F9DA42D21AA414F00BEA589 /* AppDelegate.swift */; };
		8F9DA43021AA414F00BEA589 /* ViewController.swift in Sources */ = {isa = PBXBuildFile; fileRef = 8F9DA42F21AA414F00BEA589 /* ViewController.swift */; };
		8F9DA43321AA414F00BEA589 /* Main.storyboard in Resources */ = {isa = PBXBuildFile; fileRef = 8F9DA43121AA414F00BEA589 /* Main.storyboard */; };
		8F9DA43521AA415100BEA589 /* Assets.xcassets in Resources */ = {isa = PBXBuildFile; fileRef = 8F9DA43421AA415100BEA589 /* Assets.xcassets */; };
		8F9DA43821AA415100BEA589 /* LaunchScreen.storyboard in Resources */ = {isa = PBXBuildFile; fileRef = 8F9DA43621AA415100BEA589 /* LaunchScreen.storyboard */; };
		8F9DA44021AA4FFB00BEA589 /* SMRotaryWheel.swift in Sources */ = {isa = PBXBuildFile; fileRef = 8F9DA43F21AA4FFB00BEA589 /* SMRotaryWheel.swift */; };
		8F9DA44321AA5F8C00BEA589 /* QuartzCore.framework in Frameworks */ = {isa = PBXBuildFile; fileRef = 8F9DA44221AA5F8C00BEA589 /* QuartzCore.framework */; };
/* End PBXBuildFile section */

/* Begin PBXFileReference section */
		8F9DA42A21AA414F00BEA589 /* Rotary.app */ = {isa = PBXFileReference; explicitFileType = wrapper.application; includeInIndex = 0; path = Rotary.app; sourceTree = BUILT_PRODUCTS_DIR; };
		8F9DA42D21AA414F00BEA589 /* AppDelegate.swift */ = {isa = PBXFileReference; lastKnownFileType = sourcecode.swift; path = AppDelegate.swift; sourceTree = "<group>"; };
		8F9DA42F21AA414F00BEA589 /* ViewController.swift */ = {isa = PBXFileReference; lastKnownFileType = sourcecode.swift; path = ViewController.swift; sourceTree = "<group>"; };
		8F9DA43221AA414F00BEA589 /* Base */ = {isa = PBXFileReference; lastKnownFileType = file.storyboard; name = Base; path = Base.lproj/Main.storyboard; sourceTree = "<group>"; };
		8F9DA43421AA415100BEA589 /* Assets.xcassets */ = {isa = PBXFileReference; lastKnownFileType = folder.assetcatalog; path = Assets.xcassets; sourceTree = "<group>"; };
		8F9DA43721AA415100BEA589 /* Base */ = {isa = PBXFileReference; lastKnownFileType = file.storyboard; name = Base; path = Base.lproj/LaunchScreen.storyboard; sourceTree = "<group>"; };
		8F9DA43921AA415100BEA589 /* Info.plist */ = {isa = PBXFileReference; lastKnownFileType = text.plist.xml; path = Info.plist; sourceTree = "<group>"; };
		8F9DA43F21AA4FFB00BEA589 /* SMRotaryWheel.swift */ = {isa = PBXFileReference; lastKnownFileType = sourcecode.swift; path = SMRotaryWheel.swift; sourceTree = "<group>"; };
		8F9DA44221AA5F8C00BEA589 /* QuartzCore.framework */ = {isa = PBXFileReference; lastKnownFileType = wrapper.framework; name = QuartzCore.framework; path = System/Library/Frameworks/QuartzCore.framework; sourceTree = SDKROOT; };
/* End PBXFileReference section */

/* Begin PBXFrameworksBuildPhase section */
		8F9DA42721AA414F00BEA589 /* Frameworks */ = {
			isa = PBXFrameworksBuildPhase;
			buildActionMask = 2147483647;
			files = (
				8F9DA44321AA5F8C00BEA589 /* QuartzCore.framework in Frameworks */,
			);
			runOnlyForDeploymentPostprocessing = 0;
		};
/* End PBXFrameworksBuildPhase section */

/* Begin PBXGroup section */
		8F9DA42121AA414F00BEA589 = {
			isa = PBXGroup;
			children = (
				8F9DA42C21AA414F00BEA589 /* Rotary */,
				8F9DA42B21AA414F00BEA589 /* Products */,
				8F9DA44121AA5F8C00BEA589 /* Frameworks */,
			);
			sourceTree = "<group>";
		};
		8F9DA42B21AA414F00BEA589 /* Products */ = {
			isa = PBXGroup;
			children = (
				8F9DA42A21AA414F00BEA589 /* Rotary.app */,
			);
			name = Products;
			sourceTree = "<group>";
		};
		8F9DA42C21AA414F00BEA589 /* Rotary */ = {
			isa = PBXGroup;
			children = (
				8F9DA42D21AA414F00BEA589 /* AppDelegate.swift */,
				8F9DA42F21AA414F00BEA589 /* ViewController.swift */,
				8F9DA43121AA414F00BEA589 /* Main.storyboard */,
				8F9DA43421AA415100BEA589 /* Assets.xcassets */,
				8F9DA43621AA415100BEA589 /* LaunchScreen.storyboard */,
				8F9DA43921AA415100BEA589 /* Info.plist */,
				8F9DA43F21AA4FFB00BEA589 /* SMRotaryWheel.swift */,
			);
			path = Rotary;
			sourceTree = "<group>";
		};
		8F9DA44121AA5F8C00BEA589 /* Frameworks */ = {
			isa = PBXGroup;
			children = (
				8F9DA44221AA5F8C00BEA589 /* QuartzCore.framework */,
			);
			name = Frameworks;
			sourceTree = "<group>";
		};
/* End PBXGroup section */

/* Begin PBXNativeTarget section */
		8F9DA42921AA414F00BEA589 /* Rotary */ = {
			isa = PBXNativeTarget;
			buildConfigurationList = 8F9DA43C21AA415100BEA589 /* Build configuration list for PBXNativeTarget "Rotary" */;
			buildPhases = (
				8F9DA42621AA414F00BEA589 /* Sources */,
				8F9DA42721AA414F00BEA589 /* Frameworks */,
				8F9DA42821AA414F00BEA589 /* Resources */,
			);
			buildRules = (
			);
			dependencies = (
			);
			name = Rotary;
			productName = Rotary;
			productReference = 8F9DA42A21AA414F00BEA589 /* Rotary.app */;
			productType = "com.apple.product-type.application";
		};
/* End PBXNativeTarget section */

/* Begin PBXProject section */
		8F9DA42221AA414F00BEA589 /* Project object */ = {
			isa = PBXProject;
			attributes = {
				LastSwiftUpdateCheck = 1010;
				LastUpgradeCheck = 1010;
				ORGANIZATIONNAME = Phineas;
				TargetAttributes = {
					8F9DA42921AA414F00BEA589 = {
						CreatedOnToolsVersion = 10.1;
					};
				};
			};
			buildConfigurationList = 8F9DA42521AA414F00BEA589 /* Build configuration list for PBXProject "Rotary" */;
			compatibilityVersion = "Xcode 9.3";
			developmentRegion = en;
			hasScannedForEncodings = 0;
			knownRegions = (
				en,
				Base,
			);
			mainGroup = 8F9DA42121AA414F00BEA589;
			productRefGroup = 8F9DA42B21AA414F00BEA589 /* Products */;
			projectDirPath = "";
			projectRoot = "";
			targets = (
				8F9DA42921AA414F00BEA589 /* Rotary */,
			);
		};
/* End PBXProject section */

/* Begin PBXResourcesBuildPhase section */
		8F9DA42821AA414F00BEA589 /* Resources */ = {
			isa = PBXResourcesBuildPhase;
			buildActionMask = 2147483647;
			files = (
				8F9DA43821AA415100BEA589 /* LaunchScreen.storyboard in Resources */,
				8F9DA43521AA415100BEA589 /* Assets.xcassets in Resources */,
				8F9DA43321AA414F00BEA589 /* Main.storyboard in Resources */,
			);
			runOnlyForDeploymentPostprocessing = 0;
		};
/* End PBXResourcesBuildPhase section */

/* Begin PBXSourcesBuildPhase section */
		8F9DA42621AA414F00BEA589 /* Sources */ = {
			isa = PBXSourcesBuildPhase;
			buildActionMask = 2147483647;
			files = (
				8F9DA44021AA4FFB00BEA589 /* SMRotaryWheel.swift in Sources */,
				8F9DA43021AA414F00BEA589 /* ViewController.swift in Sources */,
				8F9DA42E21AA414F00BEA589 /* AppDelegate.swift in Sources */,
			);
			runOnlyForDeploymentPostprocessing = 0;
		};
/* End PBXSourcesBuildPhase section */

/* Begin PBXVariantGroup section */
		8F9DA43121AA414F00BEA589 /* Main.storyboard */ = {
			isa = PBXVariantGroup;
			children = (
				8F9DA43221AA414F00BEA589 /* Base */,
			);
			name = Main.storyboard;
			sourceTree = "<group>";
		};
		8F9DA43621AA415100BEA589 /* LaunchScreen.storyboard */ = {
			isa = PBXVariantGroup;
			children = (
				8F9DA43721AA415100BEA589 /* Base */,
			);
			name = LaunchScreen.storyboard;
			sourceTree = "<group>";
		};
/* End PBXVariantGroup section */

/* Begin XCBuildConfiguration section */
		8F9DA43A21AA415100BEA589 /* Debug */ = {
			isa = XCBuildConfiguration;
			buildSettings = {
				ALWAYS_SEARCH_USER_PATHS = NO;
				CLANG_ANALYZER_NONNULL = YES;
				CLANG_ANALYZER_NUMBER_OBJECT_CONVERSION = YES_AGGRESSIVE;
				CLANG_CXX_LANGUAGE_STANDARD = "gnu++14";
				CLANG_CXX_LIBRARY = "libc++";
				CLANG_ENABLE_MODULES = YES;
				CLANG_ENABLE_OBJC_ARC = YES;
				CLANG_ENABLE_OBJC_WEAK = YES;
				CLANG_WARN_BLOCK_CAPTURE_AUTORELEASING = YES;
				CLANG_WARN_BOOL_CONVERSION = YES;
				CLANG_WARN_COMMA = YES;
				CLANG_WARN_CONSTANT_CONVERSION = YES;
				CLANG_WARN_DEPRECATED_OBJC_IMPLEMENTATIONS = YES;
				CLANG_WARN_DIRECT_OBJC_ISA_USAGE = YES_ERROR;
				CLANG_WARN_DOCUMENTATION_COMMENTS = YES;
				CLANG_WARN_EMPTY_BODY = YES;
				CLANG_WARN_ENUM_CONVERSION = YES;
				CLANG_WARN_INFINITE_RECURSION = YES;
				CLANG_WARN_INT_CONVERSION = YES;
				CLANG_WARN_NON_LITERAL_NULL_CONVERSION = YES;
				CLANG_WARN_OBJC_IMPLICIT_RETAIN_SELF = YES;
				CLANG_WARN_OBJC_LITERAL_CONVERSION = YES;
				CLANG_WARN_OBJC_ROOT_CLASS = YES_ERROR;
				CLANG_WARN_RANGE_LOOP_ANALYSIS = YES;
				CLANG_WARN_STRICT_PROTOTYPES = YES;
				CLANG_WARN_SUSPICIOUS_MOVE = YES;
				CLANG_WARN_UNGUARDED_AVAILABILITY = YES_AGGRESSIVE;
				CLANG_WARN_UNREACHABLE_CODE = YES;
				CLANG_WARN__DUPLICATE_METHOD_MATCH = YES;
				CODE_SIGN_IDENTITY = "iPhone Developer";
				COPY_PHASE_STRIP = NO;
				DEBUG_INFORMATION_FORMAT = dwarf;
				ENABLE_STRICT_OBJC_MSGSEND = YES;
				ENABLE_TESTABILITY = YES;
				GCC_C_LANGUAGE_STANDARD = gnu11;
				GCC_DYNAMIC_NO_PIC = NO;
				GCC_NO_COMMON_BLOCKS = YES;
				GCC_OPTIMIZATION_LEVEL = 0;
				GCC_PREPROCESSOR_DEFINITIONS = (
					"DEBUG=1",
					"$(inherited)",
				);
				GCC_WARN_64_TO_32_BIT_CONVERSION = YES;
				GCC_WARN_ABOUT_RETURN_TYPE = YES_ERROR;
				GCC_WARN_UNDECLARED_SELECTOR = YES;
				GCC_WARN_UNINITIALIZED_AUTOS = YES_AGGRESSIVE;
				GCC_WARN_UNUSED_FUNCTION = YES;
				GCC_WARN_UNUSED_VARIABLE = YES;
				IPHONEOS_DEPLOYMENT_TARGET = 12.1;
				MTL_ENABLE_DEBUG_INFO = INCLUDE_SOURCE;
				MTL_FAST_MATH = YES;
				ONLY_ACTIVE_ARCH = YES;
				SDKROOT = iphoneos;
				SWIFT_ACTIVE_COMPILATION_CONDITIONS = DEBUG;
				SWIFT_OPTIMIZATION_LEVEL = "-Onone";
			};
			name = Debug;
		};
		8F9DA43B21AA415100BEA589 /* Release */ = {
			isa = XCBuildConfiguration;
			buildSettings = {
				ALWAYS_SEARCH_USER_PATHS = NO;
				CLANG_ANALYZER_NONNULL = YES;
				CLANG_ANALYZER_NUMBER_OBJECT_CONVERSION = YES_AGGRESSIVE;
				CLANG_CXX_LANGUAGE_STANDARD = "gnu++14";
				CLANG_CXX_LIBRARY = "libc++";
				CLANG_ENABLE_MODULES = YES;
				CLANG_ENABLE_OBJC_ARC = YES;
				CLANG_ENABLE_OBJC_WEAK = YES;
				CLANG_WARN_BLOCK_CAPTURE_AUTORELEASING = YES;
				CLANG_WARN_BOOL_CONVERSION = YES;
				CLANG_WARN_COMMA = YES;
				CLANG_WARN_CONSTANT_CONVERSION = YES;
				CLANG_WARN_DEPRECATED_OBJC_IMPLEMENTATIONS = YES;
				CLANG_WARN_DIRECT_OBJC_ISA_USAGE = YES_ERROR;
				CLANG_WARN_DOCUMENTATION_COMMENTS = YES;
				CLANG_WARN_EMPTY_BODY = YES;
				CLANG_WARN_ENUM_CONVERSION = YES;
				CLANG_WARN_INFINITE_RECURSION = YES;
				CLANG_WARN_INT_CONVERSION = YES;
				CLANG_WARN_NON_LITERAL_NULL_CONVERSION = YES;
				CLANG_WARN_OBJC_IMPLICIT_RETAIN_SELF = YES;
				CLANG_WARN_OBJC_LITERAL_CONVERSION = YES;
				CLANG_WARN_OBJC_ROOT_CLASS = YES_ERROR;
				CLANG_WARN_RANGE_LOOP_ANALYSIS = YES;
				CLANG_WARN_STRICT_PROTOTYPES = YES;
				CLANG_WARN_SUSPICIOUS_MOVE = YES;
				CLANG_WARN_UNGUARDED_AVAILABILITY = YES_AGGRESSIVE;
				CLANG_WARN_UNREACHABLE_CODE = YES;
				CLANG_WARN__DUPLICATE_METHOD_MATCH = YES;
				CODE_SIGN_IDENTITY = "iPhone Developer";
				COPY_PHASE_STRIP = NO;
				DEBUG_INFORMATION_FORMAT = "dwarf-with-dsym";
				ENABLE_NS_ASSERTIONS = NO;
				ENABLE_STRICT_OBJC_MSGSEND = YES;
				GCC_C_LANGUAGE_STANDARD = gnu11;
				GCC_NO_COMMON_BLOCKS = YES;
				GCC_WARN_64_TO_32_BIT_CONVERSION = YES;
				GCC_WARN_ABOUT_RETURN_TYPE = YES_ERROR;
				GCC_WARN_UNDECLARED_SELECTOR = YES;
				GCC_WARN_UNINITIALIZED_AUTOS = YES_AGGRESSIVE;
				GCC_WARN_UNUSED_FUNCTION = YES;
				GCC_WARN_UNUSED_VARIABLE = YES;
				IPHONEOS_DEPLOYMENT_TARGET = 12.1;
				MTL_ENABLE_DEBUG_INFO = NO;
				MTL_FAST_MATH = YES;
				SDKROOT = iphoneos;
				SWIFT_COMPILATION_MODE = wholemodule;
				SWIFT_OPTIMIZATION_LEVEL = "-O";
				VALIDATE_PRODUCT = YES;
			};
			name = Release;
		};
		8F9DA43D21AA415100BEA589 /* Debug */ = {
			isa = XCBuildConfiguration;
			buildSettings = {
				ASSETCATALOG_COMPILER_APPICON_NAME = AppIcon;
				CODE_SIGN_IDENTITY = "iPhone Developer";
				CODE_SIGN_STYLE = Automatic;
				DEVELOPMENT_TEAM = YXTP59538K;
				INFOPLIST_FILE = Rotary/Info.plist;
				IPHONEOS_DEPLOYMENT_TARGET = 12.0;
				LD_RUNPATH_SEARCH_PATHS = (
					"$(inherited)",
					"@executable_path/Frameworks",
				);
				PRODUCT_BUNDLE_IDENTIFIER = sunxiaoshan.Rotary;
				PRODUCT_NAME = "$(TARGET_NAME)";
				PROVISIONING_PROFILE_SPECIFIER = "";
				SWIFT_VERSION = 4.2;
				TARGETED_DEVICE_FAMILY = "1,2";
			};
			name = Debug;
		};
		8F9DA43E21AA415100BEA589 /* Release */ = {
			isa = XCBuildConfiguration;
			buildSettings = {
				ASSETCATALOG_COMPILER_APPICON_NAME = AppIcon;
				CODE_SIGN_IDENTITY = "iPhone Developer";
				CODE_SIGN_STYLE = Automatic;
				DEVELOPMENT_TEAM = YXTP59538K;
				INFOPLIST_FILE = Rotary/Info.plist;
				IPHONEOS_DEPLOYMENT_TARGET = 12.0;
				LD_RUNPATH_SEARCH_PATHS = (
					"$(inherited)",
					"@executable_path/Frameworks",
				);
				PRODUCT_BUNDLE_IDENTIFIER = sunxiaoshan.Rotary;
				PRODUCT_NAME = "$(TARGET_NAME)";
				PROVISIONING_PROFILE_SPECIFIER = "";
				SWIFT_VERSION = 4.2;
				TARGETED_DEVICE_FAMILY = "1,2";
			};
			name = Release;
		};
/* End XCBuildConfiguration section */

/* Begin XCConfigurationList section */
		8F9DA42521AA414F00BEA589 /* Build configuration list for PBXProject "Rotary" */ = {
			isa = XCConfigurationList;
			buildConfigurations = (
				8F9DA43A21AA415100BEA589 /* Debug */,
				8F9DA43B21AA415100BEA589 /* Release */,
			);
			defaultConfigurationIsVisible = 0;
			defaultConfigurationName = Release;
		};
		8F9DA43C21AA415100BEA589 /* Build configuration list for PBXNativeTarget "Rotary" */ = {
			isa = XCConfigurationList;
			buildConfigurations = (
				8F9DA43D21AA415100BEA589 /* Debug */,
				8F9DA43E21AA415100BEA589 /* Release */,
			);
			defaultConfigurationIsVisible = 0;
			defaultConfigurationName = Release;
		};
/* End XCConfigurationList section */
	};
	rootObject = 8F9DA42221AA414F00BEA589 /* Project object */;
}
